{
  "version": 4,
  "terraform_version": "0.13.4",
  "serial": 5,
  "lineage": "0a20a5f2-4442-6389-47cd-4567f6d88844",
  "outputs": {},
  "resources": [
    {
      "mode": "managed",
      "type": "azurerm_resource_group",
      "name": "main",
      "provider": "provider[\"registry.terraform.io/hashicorp/azurerm\"]",
      "instances": [
        {
          "schema_version": 0,
          "attributes": {
            "id": "/subscriptions/ba2bde91-1516-465d-ae01-0453cf9ab440/resourceGroups/module-rg",
            "location": "australiaeast",
            "name": "module-rg",
            "tags": {},
            "timeouts": null
          },
          "private": "eyJlMmJmYjczMC1lY2FhLTExZTYtOGY4OC0zNDM2M2JjN2M0YzAiOnsiY3JlYXRlIjo1NDAwMDAwMDAwMDAwLCJkZWxldGUiOjU0MDAwMDAwMDAwMDAsInJlYWQiOjMwMDAwMDAwMDAwMCwidXBkYXRlIjo1NDAwMDAwMDAwMDAwfX0="
        }
      ]
    },
    {
      "module": "module.storage_instance",
      "mode": "managed",
      "type": "azurerm_storage_account",
      "name": "StorageAccount1",
      "provider": "provider[\"registry.terraform.io/hashicorp/azurerm\"]",
      "instances": [
        {
          "schema_version": 2,
          "attributes": {
            "access_tier": "Hot",
            "account_kind": "StorageV2",
            "account_replication_type": "LRS",
            "account_tier": "Standard",
            "blob_properties": [],
            "custom_domain": [],
            "enable_https_traffic_only": true,
            "id": "/subscriptions/ba2bde91-1516-465d-ae01-0453cf9ab440/resourceGroups/module-rg/providers/Microsoft.Storage/storageAccounts/modulestorage100",
            "identity": [],
            "is_hns_enabled": false,
            "location": "australiaeast",
            "name": "modulestorage100",
            "network_rules": [
              {
                "bypass": [
                  "AzureServices"
                ],
                "default_action": "Allow",
                "ip_rules": [],
                "virtual_network_subnet_ids": []
              }
            ],
            "primary_access_key": "jNvW4TSVFsSpUZsibUGgfGIWSEKBPFCzmPsjNkKu1Y/31FYFw8dVw/fgl7ZUbcbCTirU2U33Z3Rcn9DVNrb2eg==",
            "primary_blob_connection_string": "DefaultEndpointsProtocol=https;BlobEndpoint=https://modulestorage100.blob.core.windows.net/;AccountName=modulestorage100;AccountKey=jNvW4TSVFsSpUZsibUGgfGIWSEKBPFCzmPsjNkKu1Y/31FYFw8dVw/fgl7ZUbcbCTirU2U33Z3Rcn9DVNrb2eg==",
            "primary_blob_endpoint": "https://modulestorage100.blob.core.windows.net/",
            "primary_blob_host": "modulestorage100.blob.core.windows.net",
            "primary_connection_string": "DefaultEndpointsProtocol=https;AccountName=modulestorage100;AccountKey=jNvW4TSVFsSpUZsibUGgfGIWSEKBPFCzmPsjNkKu1Y/31FYFw8dVw/fgl7ZUbcbCTirU2U33Z3Rcn9DVNrb2eg==;EndpointSuffix=core.windows.net",
            "primary_dfs_endpoint": "https://modulestorage100.dfs.core.windows.net/",
            "primary_dfs_host": "modulestorage100.dfs.core.windows.net",
            "primary_file_endpoint": "https://modulestorage100.file.core.windows.net/",
            "primary_file_host": "modulestorage100.file.core.windows.net",
            "primary_location": "australiaeast",
            "primary_queue_endpoint": "https://modulestorage100.queue.core.windows.net/",
            "primary_queue_host": "modulestorage100.queue.core.windows.net",
            "primary_table_endpoint": "https://modulestorage100.table.core.windows.net/",
            "primary_table_host": "modulestorage100.table.core.windows.net",
            "primary_web_endpoint": "https://modulestorage100.z8.web.core.windows.net/",
            "primary_web_host": "modulestorage100.z8.web.core.windows.net",
            "queue_properties": [
              {
                "cors_rule": [],
                "hour_metrics": [
                  {
                    "enabled": true,
                    "include_apis": true,
                    "retention_policy_days": 7,
                    "version": "1.0"
                  }
                ],
                "logging": [
                  {
                    "delete": false,
                    "read": false,
                    "retention_policy_days": 0,
                    "version": "1.0",
                    "write": false
                  }
                ],
                "minute_metrics": [
                  {
                    "enabled": false,
                    "include_apis": false,
                    "retention_policy_days": 0,
                    "version": "1.0"
                  }
                ]
              }
            ],
            "resource_group_name": "module-rg",
            "secondary_access_key": "lLeOAd840+INbWPaLpBXpwT7DojFrFHRrVoz/v3zpnBC7ZNnKdKR12TwbDRWFEqURP1n3KBE2+Pdfqt3DMUc2A==",
            "secondary_blob_connection_string": "",
            "secondary_blob_endpoint": null,
            "secondary_blob_host": null,
            "secondary_connection_string": "DefaultEndpointsProtocol=https;AccountName=modulestorage100;AccountKey=lLeOAd840+INbWPaLpBXpwT7DojFrFHRrVoz/v3zpnBC7ZNnKdKR12TwbDRWFEqURP1n3KBE2+Pdfqt3DMUc2A==;EndpointSuffix=core.windows.net",
            "secondary_dfs_endpoint": null,
            "secondary_dfs_host": null,
            "secondary_file_endpoint": null,
            "secondary_file_host": null,
            "secondary_location": "",
            "secondary_queue_endpoint": null,
            "secondary_queue_host": null,
            "secondary_table_endpoint": null,
            "secondary_table_host": null,
            "secondary_web_endpoint": null,
            "secondary_web_host": null,
            "static_website": [],
            "tags": null,
            "timeouts": null
          },
          "private": "eyJlMmJmYjczMC1lY2FhLTExZTYtOGY4OC0zNDM2M2JjN2M0YzAiOnsiY3JlYXRlIjozNjAwMDAwMDAwMDAwLCJkZWxldGUiOjM2MDAwMDAwMDAwMDAsInJlYWQiOjMwMDAwMDAwMDAwMCwidXBkYXRlIjozNjAwMDAwMDAwMDAwfSwic2NoZW1hX3ZlcnNpb24iOiIyIn0=",
          "dependencies": [
            "azurerm_resource_group.main"
          ]
        }
      ]
    }
  ]
}
